
Microsoft Visual Studio Solution File, Format Version 12.00
# Visual Studio 14
VisualStudioVersion = 14.0.25420.1
MinimumVisualStudioVersion = 10.0.40219.1
Project("{FAE04EC0-301F-11D3-BF4B-00C04F79EFBC}") = "news.sitecore", "news.sitecore\news.sitecore.csproj", "{59420687-8E5E-4CE7-9FF4-049B56D9885D}"
EndProject
Project("{CAA73BB0-EF22-4D79-A57E-DF67B3BA9C80}") = "news.sitecore.TDS.master", "news.sitecore.TDS.master\news.sitecore.TDS.master.scproj", "{A1A751A6-7BBC-4916-AFF7-2F0178749F82}"
EndProject
Global
	GlobalSection(SolutionConfigurationPlatforms) = preSolution
		Debug|Any CPU = Debug|Any CPU
		Release|Any CPU = Release|Any CPU
	EndGlobalSection
	GlobalSection(ProjectConfigurationPlatforms) = postSolution
		{59420687-8E5E-4CE7-9FF4-049B56D9885D}.Debug|Any CPU.ActiveCfg = Debug|Any CPU
		{59420687-8E5E-4CE7-9FF4-049B56D9885D}.Debug|Any CPU.Build.0 = Debug|Any CPU
		{59420687-8E5E-4CE7-9FF4-049B56D9885D}.Release|Any CPU.ActiveCfg = Release|Any CPU
		{59420687-8E5E-4CE7-9FF4-049B56D9885D}.Release|Any CPU.Build.0 = Release|Any CPU
		{A1A751A6-7BBC-4916-AFF7-2F0178749F82}.Debug|Any CPU.ActiveCfg = Debug|Any CPU
		{A1A751A6-7BBC-4916-AFF7-2F0178749F82}.Debug|Any CPU.Build.0 = Debug|Any CPU
		{A1A751A6-7BBC-4916-AFF7-2F0178749F82}.Debug|Any CPU.Deploy.0 = Debug|Any CPU
		{A1A751A6-7BBC-4916-AFF7-2F0178749F82}.Release|Any CPU.ActiveCfg = Release|Any CPU
		{A1A751A6-7BBC-4916-AFF7-2F0178749F82}.Release|Any CPU.Build.0 = Release|Any CPU
		{A1A751A6-7BBC-4916-AFF7-2F0178749F82}.Release|Any CPU.Deploy.0 = Release|Any CPU
	EndGlobalSection
	GlobalSection(SolutionProperties) = preSolution
		HideSolutionNode = FALSE
	EndGlobalSection
EndGlobal
